<?xml version="1.0" encoding="utf-8"?>
<Project ToolsVersion="4.0" xmlns="http://schemas.microsoft.com/developer/msbuild/2003">
  <ItemGroup>
    <ClCompile Include="..\third_party\RtMidi\RtMidi.cpp">
      <Filter>third_party\rtmidi</Filter>
    </ClCompile>
    <ClCompile Include="..\src\midi_utils.cpp">
      <Filter>src</Filter>
    </ClCompile>
    <ClCompile Include="..\src\music_theory.cpp">
      <Filter>src</Filter>
    </ClCompile>
    <ClCompile Include="..\src\sequence_player.cpp">
      <Filter>src</Filter>
    </ClCompile>
    <ClCompile Include="..\sample.cpp" />
    <ClCompile Include="..\src\midi_file_reader.cpp">
      <Filter>src\file_io</Filter>
    </ClCompile>
    <ClCompile Include="..\src\midi_file_writer.cpp">
      <Filter>src\file_io</Filter>
    </ClCompile>
    <ClCompile Include="..\src\midi_output.cpp">
      <Filter>src\realtime_io</Filter>
    </ClCompile>
    <ClCompile Include="..\src\midi_input.cpp">
      <Filter>src\realtime_io</Filter>
    </ClCompile>
    <ClCompile Include="..\src\port_manager.cpp">
      <Filter>src\realtime_io</Filter>
    </ClCompile>
  </ItemGroup>
  <ItemGroup>
    <ClInclude Include="..\third_party\RtMidi\RtMidi.h">
      <Filter>third_party\rtmidi</Filter>
    </ClInclude>
    <ClInclude Include="..\src\modernmidi.h">
      <Filter>src</Filter>
    </ClInclude>
    <ClInclude Include="..\src\midi_message.h">
      <Filter>src</Filter>
    </ClInclude>
    <ClInclude Include="..\src\midi_utils.h">
      <Filter>src</Filter>
    </ClInclude>
    <ClInclude Include="..\src\music_theory.h">
      <Filter>src</Filter>
    </ClInclude>
    <ClInclude Include="..\src\sequence_player.h">
      <Filter>src</Filter>
    </ClInclude>
    <ClInclude Include="..\src\midi_event.h">
      <Filter>src</Filter>
    </ClInclude>
    <ClInclude Include="..\src\midi_file_reader.h">
      <Filter>src\file_io</Filter>
    </ClInclude>
    <ClInclude Include="..\src\midi_file_writer.h">
      <Filter>src\file_io</Filter>
    </ClInclude>
    <ClInclude Include="..\src\midi_output.h">
      <Filter>src\realtime_io</Filter>
    </ClInclude>
    <ClInclude Include="..\src\midi_input.h">
      <Filter>src\realtime_io</Filter>
    </ClInclude>
    <ClInclude Include="..\src\port_manager.h">
      <Filter>src\realtime_io</Filter>
    </ClInclude>
    <ClInclude Include="..\src\concurrent_queue.h">
      <Filter>src\util</Filter>
    </ClInclude>
    <ClInclude Include="..\src\timer.h">
      <Filter>src\util</Filter>
    </ClInclude>
  </ItemGroup>
  <ItemGroup>
    <Filter Include="third_party">
      <UniqueIdentifier>{aa518cee-b6cb-4c29-9b1b-10369bb9f7fd}</UniqueIdentifier>
    </Filter>
    <Filter Include="third_party\rtmidi">
      <UniqueIdentifier>{3ab7d7de-927d-4bfc-aded-01e8da95059a}</UniqueIdentifier>
    </Filter>
    <Filter Include="src">
      <UniqueIdentifier>{a1914162-b220-4264-8ba9-e0696e43d89b}</UniqueIdentifier>
    </Filter>
    <Filter Include="src\file_io">
      <UniqueIdentifier>{ea3488b0-55ba-433a-95df-546381f1f475}</UniqueIdentifier>
    </Filter>
    <Filter Include="src\realtime_io">
      <UniqueIdentifier>{113ec05f-f8c4-4e26-9a6e-185fa17e9cab}</UniqueIdentifier>
    </Filter>
    <Filter Include="src\util">
      <UniqueIdentifier>{7ef7bd25-b776-4887-96bc-649aec5be79e}</UniqueIdentifier>
    </Filter>
  </ItemGroup>
</Project>