<?xml version="1.0" encoding="utf-8"?>
<Project ToolsVersion="4.0" xmlns="http://schemas.microsoft.com/developer/msbuild/2003">
  <ItemGroup>
    <ClCompile Include="example.cpp" />
    <ClCompile Include="third_party\RtMidi\RtMidi.cpp">
      <Filter>third_party</Filter>
    </ClCompile>
    <ClCompile Include="src\music_theory.cpp">
      <Filter>src</Filter>
    </ClCompile>
    <ClCompile Include="src\midi_utils.cpp">
      <Filter>src</Filter>
    </ClCompile>
    <ClCompile Include="src\sequence_player.cpp">
      <Filter>src</Filter>
    </ClCompile>
    <ClCompile Include="src\sequence.cpp">
      <Filter>src</Filter>
    </ClCompile>
    <ClCompile Include="src\midi_input.cpp">
      <Filter>src\io</Filter>
    </ClCompile>
    <ClCompile Include="src\midi_output.cpp">
      <Filter>src\io</Filter>
    </ClCompile>
    <ClCompile Include="src\port_manager.cpp">
      <Filter>src\io</Filter>
    </ClCompile>
  </ItemGroup>
  <ItemGroup>
    <Filter Include="third_party">
      <UniqueIdentifier>{28bad174-fc10-457c-a575-f20debe8fba6}</UniqueIdentifier>
    </Filter>
    <Filter Include="src">
      <UniqueIdentifier>{e7cee874-d0eb-4749-9dd0-ad3cfce3c348}</UniqueIdentifier>
    </Filter>
    <Filter Include="src\util">
      <UniqueIdentifier>{814d302b-7782-4486-bb4e-8f0b44a091c1}</UniqueIdentifier>
    </Filter>
    <Filter Include="src\io">
      <UniqueIdentifier>{0707e0bd-e761-4be8-b08f-40a3bfda2164}</UniqueIdentifier>
    </Filter>
  </ItemGroup>
  <ItemGroup>
    <ClInclude Include="third_party\RtMidi\RtMidi.h">
      <Filter>third_party</Filter>
    </ClInclude>
    <ClInclude Include="src\music_theory.h">
      <Filter>src</Filter>
    </ClInclude>
    <ClInclude Include="src\midi_utils.h">
      <Filter>src</Filter>
    </ClInclude>
    <ClInclude Include="src\sequence_player.h">
      <Filter>src</Filter>
    </ClInclude>
    <ClInclude Include="src\sequence.h">
      <Filter>src</Filter>
    </ClInclude>
    <ClInclude Include="src\qpc_timer.h">
      <Filter>src\util</Filter>
    </ClInclude>
    <ClInclude Include="src\concurrent_queue.h">
      <Filter>src\util</Filter>
    </ClInclude>
    <ClInclude Include="src\metamidi.h">
      <Filter>src</Filter>
    </ClInclude>
    <ClInclude Include="src\midi_input.h">
      <Filter>src\io</Filter>
    </ClInclude>
    <ClInclude Include="src\midi_output.h">
      <Filter>src\io</Filter>
    </ClInclude>
    <ClInclude Include="src\port_manager.h">
      <Filter>src\io</Filter>
    </ClInclude>
    <ClInclude Include="src\circular_buffer.h">
      <Filter>src\util</Filter>
    </ClInclude>
    <ClInclude Include="src\midi_message.h">
      <Filter>src</Filter>
    </ClInclude>
  </ItemGroup>
</Project>